PODS:
  - Cordova (7.0.2.2-dev)

DEPENDENCIES:
  - Cordova (from `https://github.com/open-condo-software/mobile_cordova_ios.git`)

EXTERNAL SOURCES:
  Cordova:
    :git: https://github.com/open-condo-software/mobile_cordova_ios.git

CHECKOUT OPTIONS:
  Cordova:
    :commit: 3cbdb0af2939a136e57ee58ea65d8f805453157a
    :git: https://github.com/open-condo-software/mobile_cordova_ios.git

SPEC CHECKSUMS:
  Cordova: 5eea2c750ee5bf2e2ee8e761f655112d120b84f6

PODFILE CHECKSUM: 74d596093be6347ba630ea4959d5dad0e3833f97

COCOAPODS: 1.12.1
